PODS:
  - CYLTabBarController (1.13.1)
  - Masonry (1.0.2)
  - MBProgressHUD (1.0.0)
  - Toast (3.1.0)

DEPENDENCIES:
  - CYLTabBarController (~> 1.13.1)
  - Masonry
  - MBProgressHUD (~> 1.0.0)
  - Toast (~> 3.1.0)

SPEC CHECKSUMS:
  CYLTabBarController: 97f6b486f9e6c613d69e9c111cc9c2c5db7000ce
  Masonry: 7c429b56da9d4ee0bbb3ed77a5ea710d6a5df39e
  MBProgressHUD: 4890f671c94e8a0f3cf959aa731e9de2f036d71a
  Toast: 14a93686d6c8bfe2727afd342414e35660a8a1f3

PODFILE CHECKSUM: 8295d763a32cde8de61f1a1c5d876b1f474c28ef

COCOAPODS: 1.1.1
